{
  "object": {
    "pins": [
      {
        "package": "Nimble",
        "repositoryURL": "https://github.com/Quick/Nimble.git",
        "state": {
          "branch": null,
          "revision": "38c9ab0846a3fbec308eb2aa9ef68b10a7434eb4",
          "version": "7.0.2"
        }
      },
      {
        "package": "Quick",
        "repositoryURL": "https://github.com/Quick/Quick.git",
        "state": {
          "branch": null,
          "revision": "e4fa1e85c0305ba4e0866f25812d3fa398f3a048",
          "version": "1.1.0"
        }
      },
      {
        "package": "Yaml",
        "repositoryURL": "https://github.com/behrang/YamlSwift",
        "state": {
          "branch": null,
          "revision": "901c4943f3206afb3b965bad2d1338e3c4fdbeba",
          "version": "3.4.0"
        }
      }
    ]
  },
  "version": 1
}
